
Microsoft Visual Studio Solution File, Format Version 12.00
# Visual Studio Version 17
VisualStudioVersion = 17.9.34616.47
MinimumVisualStudioVersion = 10.0.40219.1
Project("{9A19103F-16F7-4668-BE54-9A1E7A4F7556}") = "353503_Бахмат_Lab6", "353503_Бахмат_Lab6.csproj", "{6818EB59-C201-4BC9-AB55-B5EE186CF81E}"
EndProject
Project("{FAE04EC0-301F-11D3-BF4B-00C04F79EFBC}") = "FileLibrary", "..\FileLibrary\FileLibrary.csproj", "{E054E222-C0B7-4EEC-881E-62AA22EEA1FD}"
EndProject
Global
	GlobalSection(SolutionConfigurationPlatforms) = preSolution
		Debug|Any CPU = Debug|Any CPU
		Release|Any CPU = Release|Any CPU
	EndGlobalSection
	GlobalSection(ProjectConfigurationPlatforms) = postSolution
		{6818EB59-C201-4BC9-AB55-B5EE186CF81E}.Debug|Any CPU.ActiveCfg = Debug|Any CPU
		{6818EB59-C201-4BC9-AB55-B5EE186CF81E}.Debug|Any CPU.Build.0 = Debug|Any CPU
		{6818EB59-C201-4BC9-AB55-B5EE186CF81E}.Release|Any CPU.ActiveCfg = Release|Any CPU
		{6818EB59-C201-4BC9-AB55-B5EE186CF81E}.Release|Any CPU.Build.0 = Release|Any CPU
		{E054E222-C0B7-4EEC-881E-62AA22EEA1FD}.Debug|Any CPU.ActiveCfg = Debug|Any CPU
		{E054E222-C0B7-4EEC-881E-62AA22EEA1FD}.Debug|Any CPU.Build.0 = Debug|Any CPU
		{E054E222-C0B7-4EEC-881E-62AA22EEA1FD}.Release|Any CPU.ActiveCfg = Release|Any CPU
		{E054E222-C0B7-4EEC-881E-62AA22EEA1FD}.Release|Any CPU.Build.0 = Release|Any CPU
	EndGlobalSection
	GlobalSection(SolutionProperties) = preSolution
		HideSolutionNode = FALSE
	EndGlobalSection
	GlobalSection(ExtensibilityGlobals) = postSolution
		SolutionGuid = {7DA26218-164C-454E-9F65-E0EDA4560778}
	EndGlobalSection
EndGlobal
